version = 1
revision = 1
requires-python = ">=3.9.21, <3.10"

[[package]]
name = "anyascii"
version = "0.3.2"
source = { registry = "https://pypi.org/simple" }
sdist = { url = "https://files.pythonhosted.org/packages/9f/52/93b9ea99063f7cf37fb67f5e3f49480686cbe7f228c48b9d713326223b6e/anyascii-0.3.2.tar.gz", hash = "sha256:9d5d32ef844fe225b8bc7cba7f950534fae4da27a9bf3a6bea2cb0ea46ce4730", size = 214052 }
wheels = [
    { url = "https://files.pythonhosted.org/packages/4f/7b/a9a747e0632271d855da379532b05a62c58e979813814a57fa3b3afeb3a4/anyascii-0.3.2-py3-none-any.whl", hash = "sha256:3b3beef6fc43d9036d3b0529050b0c48bfad8bc960e9e562d7223cfb94fe45d4", size = 289923 },
]

[[package]]
name = "appdirs"
version = "1.4.4"
source = { registry = "https://pypi.org/simple" }
sdist = { url = "https://files.pythonhosted.org/packages/d7/d8/05696357e0311f5b5c316d7b95f46c669dd9c15aaeecbb48c7d0aeb88c40/appdirs-1.4.4.tar.gz", hash = "sha256:7d5d0167b2b1ba821647616af46a749d1c653740dd0d2415100fe26e27afdf41", size = 13470 }
wheels = [
    { url = "https://files.pythonhosted.org/packages/3b/00/2344469e2084fb287c2e0b57b72910309874c3245463acd6cf5e3db69324/appdirs-1.4.4-py2.py3-none-any.whl", hash = "sha256:a841dacd6b99318a741b166adb07e19ee71a274450e68237b4650ca1055ab128", size = 9566 },
]

[[package]]
name = "asgiref"
version = "3.8.1"
source = { registry = "https://pypi.org/simple" }
dependencies = [
    { name = "typing-extensions" },
]
sdist = { url = "https://files.pythonhosted.org/packages/29/38/b3395cc9ad1b56d2ddac9970bc8f4141312dbaec28bc7c218b0dfafd0f42/asgiref-3.8.1.tar.gz", hash = "sha256:c343bd80a0bec947a9860adb4c432ffa7db769836c64238fc34bdc3fec84d590", size = 35186 }
wheels = [
    { url = "https://files.pythonhosted.org/packages/39/e3/893e8757be2612e6c266d9bb58ad2e3651524b5b40cf56761e985a28b13e/asgiref-3.8.1-py3-none-any.whl", hash = "sha256:3e1e3ecc849832fe52ccf2cb6686b7a55f82bb1d6aee72a58826471390335e47", size = 23828 },
]

[[package]]
name = "beautifulsoup4"
version = "4.9.3"
source = { registry = "https://pypi.org/simple" }
dependencies = [
    { name = "soupsieve" },
]
sdist = { url = "https://files.pythonhosted.org/packages/6b/c3/d31704ae558dcca862e4ee8e8388f357af6c9d9acb0cad4ba0fbbd350d9a/beautifulsoup4-4.9.3.tar.gz", hash = "sha256:84729e322ad1d5b4d25f805bfa05b902dd96450f43842c4e99067d5e1369eb25", size = 376031 }
wheels = [
    { url = "https://files.pythonhosted.org/packages/d1/41/e6495bd7d3781cee623ce23ea6ac73282a373088fcd0ddc809a047b18eae/beautifulsoup4-4.9.3-py3-none-any.whl", hash = "sha256:fff47e031e34ec82bf17e00da8f592fe7de69aeea38be00523c04623c04fb666", size = 115807 },
]

[[package]]
name = "boto3"
version = "1.7.84"
source = { registry = "https://pypi.org/simple" }
dependencies = [
    { name = "botocore" },
    { name = "jmespath" },
    { name = "s3transfer" },
]
sdist = { url = "https://files.pythonhosted.org/packages/2f/2b/7010a5189859eec725c36081b1d1c8e721000ebdf81a1682ec6b64e1c373/boto3-1.7.84.tar.gz", hash = "sha256:64496f2c814e454e26c024df86bd08fb4643770d0e2b7a8fd70055fc6683eb9d", size = 93151 }
wheels = [
    { url = "https://files.pythonhosted.org/packages/ac/6e/faf7c6c3ae59641c75023fb5dcc8a02c33752ac8ccadf9931e8d8364f2fe/boto3-1.7.84-py2.py3-none-any.whl", hash = "sha256:0ed4b107c3b4550547aaec3c9bb17df068ff92d1f6f4781205800e2cb8a66de5", size = 128502 },
]

[[package]]
name = "botocore"
version = "1.10.84"
source = { registry = "https://pypi.org/simple" }
dependencies = [
    { name = "docutils" },
    { name = "jmespath" },
    { name = "python-dateutil" },
]
sdist = { url = "https://files.pythonhosted.org/packages/67/01/43759329a6f7036aa739e86d446b908fa207222e224e537cd3d66fdb4c29/botocore-1.10.84.tar.gz", hash = "sha256:d3e4b5a2c903ea30d19d41ea2f65d0e51dce54f4f4c4dfd6ecd7b04f240844a8", size = 4612644 }
wheels = [
    { url = "https://files.pythonhosted.org/packages/01/b7/cb08cd1af2bb0d0dfb393101a93b6ab6fb80f109ab7b37f2f34386c11351/botocore-1.10.84-py2.py3-none-any.whl", hash = "sha256:380852e1adb9ba4ba9ff096af61f88a6888197b86e580e1bd786f04ebe6f9c0c", size = 4478913 },
]

[[package]]
name = "certifi"
version = "2025.1.31"
source = { registry = "https://pypi.org/simple" }
sdist = { url = "https://files.pythonhosted.org/packages/1c/ab/c9f1e32b7b1bf505bf26f0ef697775960db7932abeb7b516de930ba2705f/certifi-2025.1.31.tar.gz", hash = "sha256:3d5da6925056f6f18f119200434a4780a94263f10d1c21d032a6f6b2baa20651", size = 167577 }
wheels = [
    { url = "https://files.pythonhosted.org/packages/38/fc/bce832fd4fd99766c04d1ee0eead6b0ec6486fb100ae5e74c1d91292b982/certifi-2025.1.31-py3-none-any.whl", hash = "sha256:ca78db4565a652026a4db2bcdf68f2fb589ea80d0be70e03929ed730746b84fe", size = 166393 },
]

[[package]]
name = "charset-normalizer"
version = "3.4.1"
source = { registry = "https://pypi.org/simple" }
sdist = { url = "https://files.pythonhosted.org/packages/16/b0/572805e227f01586461c80e0fd25d65a2115599cc9dad142fee4b747c357/charset_normalizer-3.4.1.tar.gz", hash = "sha256:44251f18cd68a75b56585dd00dae26183e102cd5e0f9f1466e6df5da2ed64ea3", size = 123188 }
wheels = [
    { url = "https://files.pythonhosted.org/packages/7f/c0/b913f8f02836ed9ab32ea643c6fe4d3325c3d8627cf6e78098671cafff86/charset_normalizer-3.4.1-cp39-cp39-macosx_10_9_universal2.whl", hash = "sha256:b97e690a2118911e39b4042088092771b4ae3fc3aa86518f84b8cf6888dbdb41", size = 197867 },
    { url = "https://files.pythonhosted.org/packages/0f/6c/2bee440303d705b6fb1e2ec789543edec83d32d258299b16eed28aad48e0/charset_normalizer-3.4.1-cp39-cp39-manylinux_2_17_aarch64.manylinux2014_aarch64.whl", hash = "sha256:78baa6d91634dfb69ec52a463534bc0df05dbd546209b79a3880a34487f4b84f", size = 141385 },
    { url = "https://files.pythonhosted.org/packages/3d/04/cb42585f07f6f9fd3219ffb6f37d5a39b4fd2db2355b23683060029c35f7/charset_normalizer-3.4.1-cp39-cp39-manylinux_2_17_ppc64le.manylinux2014_ppc64le.whl", hash = "sha256:1a2bc9f351a75ef49d664206d51f8e5ede9da246602dc2d2726837620ea034b2", size = 151367 },
    { url = "https://files.pythonhosted.org/packages/54/54/2412a5b093acb17f0222de007cc129ec0e0df198b5ad2ce5699355269dfe/charset_normalizer-3.4.1-cp39-cp39-manylinux_2_17_s390x.manylinux2014_s390x.whl", hash = "sha256:75832c08354f595c760a804588b9357d34ec00ba1c940c15e31e96d902093770", size = 143928 },
    { url = "https://files.pythonhosted.org/packages/5a/6d/e2773862b043dcf8a221342954f375392bb2ce6487bcd9f2c1b34e1d6781/charset_normalizer-3.4.1-cp39-cp39-manylinux_2_17_x86_64.manylinux2014_x86_64.whl", hash = "sha256:0af291f4fe114be0280cdd29d533696a77b5b49cfde5467176ecab32353395c4", size = 146203 },
    { url = "https://files.pythonhosted.org/packages/b9/f8/ca440ef60d8f8916022859885f231abb07ada3c347c03d63f283bec32ef5/charset_normalizer-3.4.1-cp39-cp39-manylinux_2_5_i686.manylinux1_i686.manylinux_2_17_i686.manylinux2014_i686.whl", hash = "sha256:0167ddc8ab6508fe81860a57dd472b2ef4060e8d378f0cc555707126830f2537", size = 148082 },
    { url = "https://files.pythonhosted.org/packages/04/d2/42fd330901aaa4b805a1097856c2edf5095e260a597f65def493f4b8c833/charset_normalizer-3.4.1-cp39-cp39-musllinux_1_2_aarch64.whl", hash = "sha256:2a75d49014d118e4198bcee5ee0a6f25856b29b12dbf7cd012791f8a6cc5c496", size = 142053 },
    { url = "https://files.pythonhosted.org/packages/9e/af/3a97a4fa3c53586f1910dadfc916e9c4f35eeada36de4108f5096cb7215f/charset_normalizer-3.4.1-cp39-cp39-musllinux_1_2_i686.whl", hash = "sha256:363e2f92b0f0174b2f8238240a1a30142e3db7b957a5dd5689b0e75fb717cc78", size = 150625 },
    { url = "https://files.pythonhosted.org/packages/26/ae/23d6041322a3556e4da139663d02fb1b3c59a23ab2e2b56432bd2ad63ded/charset_normalizer-3.4.1-cp39-cp39-musllinux_1_2_ppc64le.whl", hash = "sha256:ab36c8eb7e454e34e60eb55ca5d241a5d18b2c6244f6827a30e451c42410b5f7", size = 153549 },
    { url = "https://files.pythonhosted.org/packages/94/22/b8f2081c6a77cb20d97e57e0b385b481887aa08019d2459dc2858ed64871/charset_normalizer-3.4.1-cp39-cp39-musllinux_1_2_s390x.whl", hash = "sha256:4c0907b1928a36d5a998d72d64d8eaa7244989f7aaaf947500d3a800c83a3fd6", size = 150945 },
    { url = "https://files.pythonhosted.org/packages/c7/0b/c5ec5092747f801b8b093cdf5610e732b809d6cb11f4c51e35fc28d1d389/charset_normalizer-3.4.1-cp39-cp39-musllinux_1_2_x86_64.whl", hash = "sha256:04432ad9479fa40ec0f387795ddad4437a2b50417c69fa275e212933519ff294", size = 146595 },
    { url = "https://files.pythonhosted.org/packages/0c/5a/0b59704c38470df6768aa154cc87b1ac7c9bb687990a1559dc8765e8627e/charset_normalizer-3.4.1-cp39-cp39-win32.whl", hash = "sha256:3bed14e9c89dcb10e8f3a29f9ccac4955aebe93c71ae803af79265c9ca5644c5", size = 95453 },
    { url = "https://files.pythonhosted.org/packages/85/2d/a9790237cb4d01a6d57afadc8573c8b73c609ade20b80f4cda30802009ee/charset_normalizer-3.4.1-cp39-cp39-win_amd64.whl", hash = "sha256:49402233c892a461407c512a19435d1ce275543138294f7ef013f0b63d5d3765", size = 102811 },
    { url = "https://files.pythonhosted.org/packages/0e/f6/65ecc6878a89bb1c23a086ea335ad4bf21a588990c3f535a227b9eea9108/charset_normalizer-3.4.1-py3-none-any.whl", hash = "sha256:d98b1668f06378c6dbefec3b92299716b931cd4e6061f3c875a71ced1780ab85", size = 49767 },
]

[[package]]
name = "django"
version = "3.2.25"
source = { registry = "https://pypi.org/simple" }
dependencies = [
    { name = "asgiref" },
    { name = "pytz" },
    { name = "sqlparse" },
]
sdist = { url = "https://files.pythonhosted.org/packages/ec/68/0e744f07b57bfdf99abbb6b3eb14fcba188867021c05f4a104e04f6d56b8/Django-3.2.25.tar.gz", hash = "sha256:7ca38a78654aee72378594d63e51636c04b8e28574f5505dff630895b5472777", size = 9836336 }
wheels = [
    { url = "https://files.pythonhosted.org/packages/30/8e/cc23c762c5dcd1d367d73cf006a326e0df2bd0e785cba18b658b39904c1e/Django-3.2.25-py3-none-any.whl", hash = "sha256:a52ea7fcf280b16f7b739cec38fa6d3f8953a5456986944c3ca97e79882b4e38", size = 7890550 },
]

[[package]]
name = "django-bakery"
version = "0.12.7"
source = { registry = "https://pypi.org/simple" }
dependencies = [
    { name = "boto3" },
    { name = "fs" },
    { name = "six" },
]
sdist = { url = "https://files.pythonhosted.org/packages/1d/22/0cd6913f8f8088825091b14bbc902693dd86e9e0606d13e8812866b3937a/django-bakery-0.12.7.tar.gz", hash = "sha256:48156dbd9ddb762bef4352350a5f43744740529148fd70598120d8d2ae5e273c", size = 28374 }
wheels = [
    { url = "https://files.pythonhosted.org/packages/17/e5/856b4997c13f4de60733c652555f197ea6ccefca7e892e64cc106258491a/django_bakery-0.12.7-py2.py3-none-any.whl", hash = "sha256:9eb91d1a65ecc0ba08c58ef091130b7daa012e4a1e30b4c3960ea36d9477fcef", size = 33669 },
]

[[package]]
name = "django-filter"
version = "21.1"
source = { registry = "https://pypi.org/simple" }
dependencies = [
    { name = "django" },
]
sdist = { url = "https://files.pythonhosted.org/packages/e3/90/819a74f0c9650a7ceda158d85a6010b4ce3d4e215e0c69ec9f3a733ce72f/django-filter-21.1.tar.gz", hash = "sha256:632a251fa8f1aadb4b8cceff932bb52fe2f826dd7dfe7f3eac40e5c463d6836e", size = 154188 }
wheels = [
    { url = "https://files.pythonhosted.org/packages/37/90/8fbf530e14dbcaf502cd80078cbae9e4f805f20888973488ebe8480c3c28/django_filter-21.1-py3-none-any.whl", hash = "sha256:f4a6737a30104c98d2e2a5fb93043f36dd7978e0c7ddc92f5998e85433ea5063", size = 81384 },
]

[[package]]
name = "django-modelcluster"
version = "5.3"
source = { registry = "https://pypi.org/simple" }
dependencies = [
    { name = "pytz" },
]
sdist = { url = "https://files.pythonhosted.org/packages/7a/03/e6ef8103bc9b0706074f8e963ec89634e016117913eb0eb3ac5598c1324e/django-modelcluster-5.3.tar.gz", hash = "sha256:0347cdcacb19a1078ee56cc3e6d5413ba27b8a5900710c53bb92b5d8ff3819cd", size = 25870 }
wheels = [
    { url = "https://files.pythonhosted.org/packages/47/1c/eea2ab6f42a97a223bc52bec2bcac6cd05b718e45092746a1383ea06a90d/django_modelcluster-5.3-py2.py3-none-any.whl", hash = "sha256:f9f4250e706ee5e57503a30fbf37058b73e9fdc3190d75031338b81913cc9b4e", size = 26036 },
]

[[package]]
name = "django-taggit"
version = "2.1.0"
source = { registry = "https://pypi.org/simple" }
dependencies = [
    { name = "django" },
]
sdist = { url = "https://files.pythonhosted.org/packages/b9/ba/70e6a6ca96c347fa91c7676f0f574c08cc1d5e40daa7c3ae5a824fc70360/django-taggit-2.1.0.tar.gz", hash = "sha256:a9f41e4ad58efe4b28d86f274728ee87eb98eeae90c9eb4b4efad39e5068184e", size = 55659 }
wheels = [
    { url = "https://files.pythonhosted.org/packages/8f/64/6ca8b92c6cebe43956d27b9c5b7f27cd7e2f04a9407a488f05cd39bf96c7/django_taggit-2.1.0-py3-none-any.whl", hash = "sha256:61547a23fc99967c9304107414a09e662b459f4163dbbae32e60b8ba40c34d05", size = 59129 },
]

[[package]]
name = "django-treebeard"
version = "4.7.1"
source = { registry = "https://pypi.org/simple" }
dependencies = [
    { name = "django" },
]
sdist = { url = "https://files.pythonhosted.org/packages/bb/24/eaccbce17355380cb3a8fe6ad92a85b76453dc1f0ecd04f48bfe8929065b/django-treebeard-4.7.1.tar.gz", hash = "sha256:846e462904b437155f76e04907ba4e48480716855f88b898df4122bdcfbd6e98", size = 294139 }
wheels = [
    { url = "https://files.pythonhosted.org/packages/87/79/259966820614746cc4d81762edf97a53bf1e3b8e74797c010d310c6f4a8f/django_treebeard-4.7.1-py3-none-any.whl", hash = "sha256:995c7120153ab999898fe3043bbdcd8a0fc77cc106eb94de7350e9d02c885135", size = 93210 },
]

[[package]]
name = "djangorestframework"
version = "3.15.1"
source = { registry = "https://pypi.org/simple" }
dependencies = [
    { name = "django" },
]
sdist = { url = "https://files.pythonhosted.org/packages/ec/60/cc2dd985400293fe7bf3fa1b9a5d61f5b44200c33f7d31952f2c9fd79e8a/djangorestframework-3.15.1.tar.gz", hash = "sha256:f88fad74183dfc7144b2756d0d2ac716ea5b4c7c9840995ac3bfd8ec034333c1", size = 1066194 }
wheels = [
    { url = "https://files.pythonhosted.org/packages/c0/7e/8c45ea7f85dd5d52ceddbacc6f56ecaca21ecbfc0e8c34c95618a14d5082/djangorestframework-3.15.1-py3-none-any.whl", hash = "sha256:3ccc0475bce968608cf30d07fb17d8e52d1d7fc8bfe779c905463200750cbca6", size = 1067096 },
]

[[package]]
name = "docutils"
version = "0.21.2"
source = { registry = "https://pypi.org/simple" }
sdist = { url = "https://files.pythonhosted.org/packages/ae/ed/aefcc8cd0ba62a0560c3c18c33925362d46c6075480bfa4df87b28e169a9/docutils-0.21.2.tar.gz", hash = "sha256:3a6b18732edf182daa3cd12775bbb338cf5691468f91eeeb109deff6ebfa986f", size = 2204444 }
wheels = [
    { url = "https://files.pythonhosted.org/packages/8f/d7/9322c609343d929e75e7e5e6255e614fcc67572cfd083959cdef3b7aad79/docutils-0.21.2-py3-none-any.whl", hash = "sha256:dafca5b9e384f0e419294eb4d2ff9fa826435bf15f15b7bd45723e8ad76811b2", size = 587408 },
]

[[package]]
name = "draftjs-exporter"
version = "2.1.7"
source = { registry = "https://pypi.org/simple" }
sdist = { url = "https://files.pythonhosted.org/packages/8d/ee/eeb5d159b6ad55efb7f2ad96803b6527fb5a29737b4e2ec9cd8e4635dada/draftjs_exporter-2.1.7.tar.gz", hash = "sha256:5839cbc29d7bce2fb99837a404ca40c3a07313f2a20e2700de7ad6aa9a9a18fb", size = 27941 }
wheels = [
    { url = "https://files.pythonhosted.org/packages/43/21/5ecec14572c86eed3173b8cd8ece268ec20be2faa4ead09669531739d31e/draftjs_exporter-2.1.7-py3-none-any.whl", hash = "sha256:d415a9964690a2cddb66a31ef32dd46c277e9b80434b94e39e3043188ed83e33", size = 43720 },
]

[[package]]
name = "et-xmlfile"
version = "2.0.0"
source = { registry = "https://pypi.org/simple" }
sdist = { url = "https://files.pythonhosted.org/packages/d3/38/af70d7ab1ae9d4da450eeec1fa3918940a5fafb9055e934af8d6eb0c2313/et_xmlfile-2.0.0.tar.gz", hash = "sha256:dab3f4764309081ce75662649be815c4c9081e88f0837825f90fd28317d4da54", size = 17234 }
wheels = [
    { url = "https://files.pythonhosted.org/packages/c1/8b/5fe2cc11fee489817272089c4203e679c63b570a5aaeb18d852ae3cbba6a/et_xmlfile-2.0.0-py3-none-any.whl", hash = "sha256:7a91720bc756843502c3b7504c77b8fe44217c85c537d85037f0f536151b2caa", size = 18059 },
]

[[package]]
name = "fs"
version = "2.4.16"
source = { registry = "https://pypi.org/simple" }
dependencies = [
    { name = "appdirs" },
    { name = "setuptools" },
    { name = "six" },
]
sdist = { url = "https://files.pythonhosted.org/packages/5d/a9/af5bfd5a92592c16cdae5c04f68187a309be8a146b528eac3c6e30edbad2/fs-2.4.16.tar.gz", hash = "sha256:ae97c7d51213f4b70b6a958292530289090de3a7e15841e108fbe144f069d313", size = 187441 }
wheels = [
    { url = "https://files.pythonhosted.org/packages/b9/5c/a3d95dc1ec6cdeb032d789b552ecc76effa3557ea9186e1566df6aac18df/fs-2.4.16-py2.py3-none-any.whl", hash = "sha256:660064febbccda264ae0b6bace80a8d1be9e089e0a5eb2427b7d517f9a91545c", size = 135261 },
]

[[package]]
name = "html5lib"
version = "1.1"
source = { registry = "https://pypi.org/simple" }
dependencies = [
    { name = "six" },
    { name = "webencodings" },
]
sdist = { url = "https://files.pythonhosted.org/packages/ac/b6/b55c3f49042f1df3dcd422b7f224f939892ee94f22abcf503a9b7339eaf2/html5lib-1.1.tar.gz", hash = "sha256:b2e5b40261e20f354d198eae92afc10d750afb487ed5e50f9c4eaf07c184146f", size = 272215 }
wheels = [
    { url = "https://files.pythonhosted.org/packages/6c/dd/a834df6482147d48e225a49515aabc28974ad5a4ca3215c18a882565b028/html5lib-1.1-py2.py3-none-any.whl", hash = "sha256:0d78f8fde1c230e99fe37986a60526d7049ed4bf8a9fadbad5f00e22e58e041d", size = 112173 },
]

[[package]]
name = "idna"
version = "3.10"
source = { registry = "https://pypi.org/simple" }
sdist = { url = "https://files.pythonhosted.org/packages/f1/70/7703c29685631f5a7590aa73f1f1d3fa9a380e654b86af429e0934a32f7d/idna-3.10.tar.gz", hash = "sha256:12f65c9b470abda6dc35cf8e63cc574b1c52b11df2c86030af0ac09b01b13ea9", size = 190490 }
wheels = [
    { url = "https://files.pythonhosted.org/packages/76/c6/c88e154df9c4e1a2a66ccf0005a88dfb2650c1dffb6f5ce603dfbd452ce3/idna-3.10-py3-none-any.whl", hash = "sha256:946d195a0d259cbba61165e88e65941f16e9b36ea6ddb97f00452bae8b1287d3", size = 70442 },
]

[[package]]
name = "jmespath"
version = "0.10.0"
source = { registry = "https://pypi.org/simple" }
sdist = { url = "https://files.pythonhosted.org/packages/3c/56/3f325b1eef9791759784aa5046a8f6a1aff8f7c898a2e34506771d3b99d8/jmespath-0.10.0.tar.gz", hash = "sha256:b85d0567b8666149a93172712e68920734333c0ce7e89b78b3e987f71e5ed4f9", size = 21607 }
wheels = [
    { url = "https://files.pythonhosted.org/packages/07/cb/5f001272b6faeb23c1c9e0acc04d48eaaf5c862c17709d20e3469c6e0139/jmespath-0.10.0-py2.py3-none-any.whl", hash = "sha256:cdf6525904cc597730141d61b36f2e4b8ecc257c420fa2f4549bac2c2d0cb72f", size = 24489 },
]

[[package]]
name = "l18n"
version = "2021.3"
source = { registry = "https://pypi.org/simple" }
dependencies = [
    { name = "pytz" },
    { name = "six" },
]
sdist = { url = "https://files.pythonhosted.org/packages/ff/9c/13d732e16e8fbdef7e68f4f339f3b86618430d4003c7ffe82e15bf925d7c/l18n-2021.3.tar.gz", hash = "sha256:1956e890d673d17135cc20913253c154f6bc1c00266c22b7d503cc1a5a42d848", size = 50712 }
wheels = [
    { url = "https://files.pythonhosted.org/packages/6c/e7/dfa82d0bb2b314950e457a755463b429090127ffc0ab9d8d14ef4563ad44/l18n-2021.3-py3-none-any.whl", hash = "sha256:78495d1df95b6f7dcc694d1ba8994df709c463a1cbac1bf016e1b9a5ce7280b9", size = 51534 },
]

[[package]]
name = "npweb"
version = "0.1.0"
source = { virtual = "." }
dependencies = [
    { name = "django" },
    { name = "pygments" },
    { name = "wagtail" },
    { name = "wagtail-bakery" },
]

[package.metadata]
requires-dist = [
    { name = "django", specifier = "==3.2.*" },
    { name = "pygments", specifier = "==2.5.*" },
    { name = "wagtail", specifier = "==2.16.*" },
    { name = "wagtail-bakery", specifier = "==0.4.*" },
]

[[package]]
name = "openpyxl"
version = "3.1.5"
source = { registry = "https://pypi.org/simple" }
dependencies = [
    { name = "et-xmlfile" },
]
sdist = { url = "https://files.pythonhosted.org/packages/3d/f9/88d94a75de065ea32619465d2f77b29a0469500e99012523b91cc4141cd1/openpyxl-3.1.5.tar.gz", hash = "sha256:cf0e3cf56142039133628b5acffe8ef0c12bc902d2aadd3e0fe5878dc08d1050", size = 186464 }
wheels = [
    { url = "https://files.pythonhosted.org/packages/c0/da/977ded879c29cbd04de313843e76868e6e13408a94ed6b987245dc7c8506/openpyxl-3.1.5-py2.py3-none-any.whl", hash = "sha256:5282c12b107bffeef825f4617dc029afaf41d0ea60823bbb665ef3079dc79de2", size = 250910 },
]

[[package]]
name = "pillow"
version = "9.5.0"
source = { registry = "https://pypi.org/simple" }
sdist = { url = "https://files.pythonhosted.org/packages/00/d5/4903f310765e0ff2b8e91ffe55031ac6af77d982f0156061e20a4d1a8b2d/Pillow-9.5.0.tar.gz", hash = "sha256:bf548479d336726d7a0eceb6e767e179fbde37833ae42794602631a070d630f1", size = 50488147 }
wheels = [
    { url = "https://files.pythonhosted.org/packages/64/46/672289c0ff87733fb93854dedf3a8d65642a25c0bfc88e7f6d722f9161a5/Pillow-9.5.0-cp39-cp39-macosx_10_10_x86_64.whl", hash = "sha256:482877592e927fd263028c105b36272398e3e1be3269efda09f6ba21fd83ec66", size = 3395750 },
    { url = "https://files.pythonhosted.org/packages/a9/70/9259e93534d01f846f7d0501f19bb7d8cc1751741bc20826fc8d3a20fe32/Pillow-9.5.0-cp39-cp39-macosx_11_0_arm64.whl", hash = "sha256:3ded42b9ad70e5f1754fb7c2e2d6465a9c842e41d178f262e08b8c85ed8a1d8e", size = 3077133 },
    { url = "https://files.pythonhosted.org/packages/95/62/8a943681db5f6588498ed86aa1568dd31c63f6afdabe50841589fc662c68/Pillow-9.5.0-cp39-cp39-manylinux_2_17_aarch64.manylinux2014_aarch64.whl", hash = "sha256:c446d2245ba29820d405315083d55299a796695d747efceb5717a8b450324115", size = 3112534 },
    { url = "https://files.pythonhosted.org/packages/f2/43/0892913d499c8df2c88dee69d59e77de19e0c51754a9be82023880641c09/Pillow-9.5.0-cp39-cp39-manylinux_2_17_i686.manylinux2014_i686.whl", hash = "sha256:8aca1152d93dcc27dc55395604dcfc55bed5f25ef4c98716a928bacba90d33a3", size = 3386725 },
    { url = "https://files.pythonhosted.org/packages/ff/fc/48a51c0fe2a00d5def57b9981a1e0f8339b516351da7a51500383d833bc8/Pillow-9.5.0-cp39-cp39-manylinux_2_17_x86_64.manylinux2014_x86_64.whl", hash = "sha256:608488bdcbdb4ba7837461442b90ea6f3079397ddc968c31265c1e056964f1ef", size = 3308605 },
    { url = "https://files.pythonhosted.org/packages/af/b7/f9faf80e3c93b02712c5748f10c75a8948e74eca61ec2408f7e1d4c9dd16/Pillow-9.5.0-cp39-cp39-manylinux_2_28_aarch64.whl", hash = "sha256:60037a8db8750e474af7ffc9faa9b5859e6c6d0a50e55c45576bf28be7419705", size = 3164057 },
    { url = "https://files.pythonhosted.org/packages/3b/2b/57915b8af178e2c20bfd403ffed4521947881f9dbbfbaba48210dc59b9d7/Pillow-9.5.0-cp39-cp39-manylinux_2_28_x86_64.whl", hash = "sha256:07999f5834bdc404c442146942a2ecadd1cb6292f5229f4ed3b31e0a108746b1", size = 3415613 },
    { url = "https://files.pythonhosted.org/packages/e7/2a/f3ed578595f8486ee2cc07434460097d89aedd406a3db849b890ca8ec416/Pillow-9.5.0-cp39-cp39-musllinux_1_1_aarch64.whl", hash = "sha256:a127ae76092974abfbfa38ca2d12cbeddcdeac0fb71f9627cc1135bedaf9d51a", size = 3350667 },
    { url = "https://files.pythonhosted.org/packages/28/a2/f2d0d584d45100a5419fd70a1233ade8f12469ffe6e8e3acd40364beaadb/Pillow-9.5.0-cp39-cp39-musllinux_1_1_x86_64.whl", hash = "sha256:489f8389261e5ed43ac8ff7b453162af39c3e8abd730af8363587ba64bb2e865", size = 3414552 },
    { url = "https://files.pythonhosted.org/packages/51/3a/a6701b987007aaa43559b7d8510629845b25686f09a0eb29f8946a62d767/Pillow-9.5.0-cp39-cp39-win32.whl", hash = "sha256:9b1af95c3a967bf1da94f253e56b6286b50af23392a886720f563c547e48e964", size = 2229361 },
    { url = "https://files.pythonhosted.org/packages/69/72/48cc52bff8731cf72bc4101e34dc44807a410c171f921afb582a511da50e/Pillow-9.5.0-cp39-cp39-win_amd64.whl", hash = "sha256:77165c4a5e7d5a284f10a6efaa39a0ae8ba839da344f20b111d62cc932fa4e5d", size = 2538580 },
    { url = "https://files.pythonhosted.org/packages/24/35/92032a00f41bea9bf93f19d48f15daac27d1365c0038fe22dc4e7fc7c8b0/Pillow-9.5.0-pp39-pypy39_pp73-macosx_10_10_x86_64.whl", hash = "sha256:c380b27d041209b849ed246b111b7c166ba36d7933ec6e41175fd15ab9eb1572", size = 3349772 },
    { url = "https://files.pythonhosted.org/packages/50/ce/d39869c22904558ce32e664904cf72f13a9d47703b72392e881d9e7b6082/Pillow-9.5.0-pp39-pypy39_pp73-manylinux_2_17_i686.manylinux2014_i686.whl", hash = "sha256:7c9af5a3b406a50e313467e3565fc99929717f780164fe6fbb7704edba0cebbe", size = 3281583 },
    { url = "https://files.pythonhosted.org/packages/7a/75/4a382d1567efc6f4e3054f693167f8ce2d1ad939c5f6f12aa5c50f74b997/Pillow-9.5.0-pp39-pypy39_pp73-manylinux_2_17_x86_64.manylinux2014_x86_64.whl", hash = "sha256:5671583eab84af046a397d6d0ba25343c00cd50bce03787948e0fff01d4fd9b1", size = 3222603 },
    { url = "https://files.pythonhosted.org/packages/51/d2/c10f72c44e000d08e41f822083cf322bb59afa7ed01ae7e3e47875b47600/Pillow-9.5.0-pp39-pypy39_pp73-manylinux_2_28_x86_64.whl", hash = "sha256:84a6f19ce086c1bf894644b43cd129702f781ba5751ca8572f08aa40ef0ab7b7", size = 3298174 },
    { url = "https://files.pythonhosted.org/packages/02/4a/d362f7f44f1e5801c6726f0eaaeaf869d0d43c554b717072b2c5540cefb4/Pillow-9.5.0-pp39-pypy39_pp73-win_amd64.whl", hash = "sha256:1e7723bd90ef94eda669a3c2c19d549874dd5badaeefabefd26053304abe5799", size = 2538628 },
]

[[package]]
name = "pygments"
version = "2.5.2"
source = { registry = "https://pypi.org/simple" }
sdist = { url = "https://files.pythonhosted.org/packages/cb/9f/27d4844ac5bf158a33900dbad7985951e2910397998e85712da03ce125f0/Pygments-2.5.2.tar.gz", hash = "sha256:98c8aa5a9f778fcd1026a17361ddaf7330d1b7c62ae97c3bb0ae73e0b9b6b0fe", size = 20263984 }
wheels = [
    { url = "https://files.pythonhosted.org/packages/be/39/32da3184734730c0e4d3fa3b2b5872104668ad6dc1b5a73d8e477e5fe967/Pygments-2.5.2-py2.py3-none-any.whl", hash = "sha256:2a3fe295e54a20164a9df49c75fa58526d3be48e14aceba6d6b1e8ac0bfd6f1b", size = 896106 },
]

[[package]]
name = "python-dateutil"
version = "2.9.0.post0"
source = { registry = "https://pypi.org/simple" }
dependencies = [
    { name = "six" },
]
sdist = { url = "https://files.pythonhosted.org/packages/66/c0/0c8b6ad9f17a802ee498c46e004a0eb49bc148f2fd230864601a86dcf6db/python-dateutil-2.9.0.post0.tar.gz", hash = "sha256:37dd54208da7e1cd875388217d5e00ebd4179249f90fb72437e91a35459a0ad3", size = 342432 }
wheels = [
    { url = "https://files.pythonhosted.org/packages/ec/57/56b9bcc3c9c6a792fcbaf139543cee77261f3651ca9da0c93f5c1221264b/python_dateutil-2.9.0.post0-py2.py3-none-any.whl", hash = "sha256:a8b2bc7bffae282281c8140a97d3aa9c14da0b136dfe83f850eea9a5f7470427", size = 229892 },
]

[[package]]
name = "pytz"
version = "2025.2"
source = { registry = "https://pypi.org/simple" }
sdist = { url = "https://files.pythonhosted.org/packages/f8/bf/abbd3cdfb8fbc7fb3d4d38d320f2441b1e7cbe29be4f23797b4a2b5d8aac/pytz-2025.2.tar.gz", hash = "sha256:360b9e3dbb49a209c21ad61809c7fb453643e048b38924c765813546746e81c3", size = 320884 }
wheels = [
    { url = "https://files.pythonhosted.org/packages/81/c4/34e93fe5f5429d7570ec1fa436f1986fb1f00c3e0f43a589fe2bbcd22c3f/pytz-2025.2-py2.py3-none-any.whl", hash = "sha256:5ddf76296dd8c44c26eb8f4b6f35488f3ccbf6fbbd7adee0b7262d43f0ec2f00", size = 509225 },
]

[[package]]
name = "requests"
version = "2.32.3"
source = { registry = "https://pypi.org/simple" }
dependencies = [
    { name = "certifi" },
    { name = "charset-normalizer" },
    { name = "idna" },
    { name = "urllib3" },
]
sdist = { url = "https://files.pythonhosted.org/packages/63/70/2bf7780ad2d390a8d301ad0b550f1581eadbd9a20f896afe06353c2a2913/requests-2.32.3.tar.gz", hash = "sha256:55365417734eb18255590a9ff9eb97e9e1da868d4ccd6402399eaf68af20a760", size = 131218 }
wheels = [
    { url = "https://files.pythonhosted.org/packages/f9/9b/335f9764261e915ed497fcdeb11df5dfd6f7bf257d4a6a2a686d80da4d54/requests-2.32.3-py3-none-any.whl", hash = "sha256:70761cfe03c773ceb22aa2f671b4757976145175cdfca038c02654d061d6dcc6", size = 64928 },
]

[[package]]
name = "s3transfer"
version = "0.1.13"
source = { registry = "https://pypi.org/simple" }
dependencies = [
    { name = "botocore" },
]
sdist = { url = "https://files.pythonhosted.org/packages/9a/66/c6a5ae4dbbaf253bd662921b805e4972451a6d214d0dc9fb3300cb642320/s3transfer-0.1.13.tar.gz", hash = "sha256:90dc18e028989c609146e241ea153250be451e05ecc0c2832565231dacdf59c1", size = 103335 }
wheels = [
    { url = "https://files.pythonhosted.org/packages/d7/14/2a0004d487464d120c9fb85313a75cd3d71a7506955be458eebfe19a6b1d/s3transfer-0.1.13-py2.py3-none-any.whl", hash = "sha256:c7a9ec356982d5e9ab2d4b46391a7d6a950e2b04c472419f5fdec70cc0ada72f", size = 59642 },
]

[[package]]
name = "setuptools"
version = "78.1.0"
source = { registry = "https://pypi.org/simple" }
sdist = { url = "https://files.pythonhosted.org/packages/a9/5a/0db4da3bc908df06e5efae42b44e75c81dd52716e10192ff36d0c1c8e379/setuptools-78.1.0.tar.gz", hash = "sha256:18fd474d4a82a5f83dac888df697af65afa82dec7323d09c3e37d1f14288da54", size = 1367827 }
wheels = [
    { url = "https://files.pythonhosted.org/packages/54/21/f43f0a1fa8b06b32812e0975981f4677d28e0f3271601dc88ac5a5b83220/setuptools-78.1.0-py3-none-any.whl", hash = "sha256:3e386e96793c8702ae83d17b853fb93d3e09ef82ec62722e61da5cd22376dcd8", size = 1256108 },
]

[[package]]
name = "six"
version = "1.17.0"
source = { registry = "https://pypi.org/simple" }
sdist = { url = "https://files.pythonhosted.org/packages/94/e7/b2c673351809dca68a0e064b6af791aa332cf192da575fd474ed7d6f16a2/six-1.17.0.tar.gz", hash = "sha256:ff70335d468e7eb6ec65b95b99d3a2836546063f63acc5171de367e834932a81", size = 34031 }
wheels = [
    { url = "https://files.pythonhosted.org/packages/b7/ce/149a00dd41f10bc29e5921b496af8b574d8413afcd5e30dfa0ed46c2cc5e/six-1.17.0-py2.py3-none-any.whl", hash = "sha256:4721f391ed90541fddacab5acf947aa0d3dc7d27b2e1e8eda2be8970586c3274", size = 11050 },
]

[[package]]
name = "soupsieve"
version = "2.6"
source = { registry = "https://pypi.org/simple" }
sdist = { url = "https://files.pythonhosted.org/packages/d7/ce/fbaeed4f9fb8b2daa961f90591662df6a86c1abf25c548329a86920aedfb/soupsieve-2.6.tar.gz", hash = "sha256:e2e68417777af359ec65daac1057404a3c8a5455bb8abc36f1a9866ab1a51abb", size = 101569 }
wheels = [
    { url = "https://files.pythonhosted.org/packages/d1/c2/fe97d779f3ef3b15f05c94a2f1e3d21732574ed441687474db9d342a7315/soupsieve-2.6-py3-none-any.whl", hash = "sha256:e72c4ff06e4fb6e4b5a9f0f55fe6e81514581fca1515028625d0f299c602ccc9", size = 36186 },
]

[[package]]
name = "sqlparse"
version = "0.5.3"
source = { registry = "https://pypi.org/simple" }
sdist = { url = "https://files.pythonhosted.org/packages/e5/40/edede8dd6977b0d3da179a342c198ed100dd2aba4be081861ee5911e4da4/sqlparse-0.5.3.tar.gz", hash = "sha256:09f67787f56a0b16ecdbde1bfc7f5d9c3371ca683cfeaa8e6ff60b4807ec9272", size = 84999 }
wheels = [
    { url = "https://files.pythonhosted.org/packages/a9/5c/bfd6bd0bf979426d405cc6e71eceb8701b148b16c21d2dc3c261efc61c7b/sqlparse-0.5.3-py3-none-any.whl", hash = "sha256:cf2196ed3418f3ba5de6af7e82c694a9fbdbfecccdfc72e281548517081f16ca", size = 44415 },
]

[[package]]
name = "tablib"
version = "3.8.0"
source = { registry = "https://pypi.org/simple" }
sdist = { url = "https://files.pythonhosted.org/packages/09/cc/fe19d9c2ac1088794a51fc72f49b7226f88a0361f924fb3d17a9ec80e657/tablib-3.8.0.tar.gz", hash = "sha256:94d8bcdc65a715a0024a6d5b701a5f31e45bd159269e62c73731de79f048db2b", size = 122247 }
wheels = [
    { url = "https://files.pythonhosted.org/packages/5c/95/6542f54ebd90539b12ed6189cb54a6550a28407b1c503c2e55190c29a4c9/tablib-3.8.0-py3-none-any.whl", hash = "sha256:35bdb9d4ec7052232f8803908f9c7a9c3c65807188b70618fa7a7d8ccd560b4d", size = 47935 },
]

[package.optional-dependencies]
xls = [
    { name = "xlrd" },
    { name = "xlwt" },
]
xlsx = [
    { name = "openpyxl" },
]

[[package]]
name = "telepath"
version = "0.3.1"
source = { registry = "https://pypi.org/simple" }
sdist = { url = "https://files.pythonhosted.org/packages/65/58/5de8765687d6f9dfcbb72c89251036c3b901126404f872b936b13377a3fe/telepath-0.3.1.tar.gz", hash = "sha256:925c0609e0a8a6488ec4a55b19d485882cf72223b2b19fe2359a50fddd813c9c", size = 11622 }
wheels = [
    { url = "https://files.pythonhosted.org/packages/5f/50/0f246d316f223b14ba5a88fbe2ff0b480d4a6064b866d48008dd57fd5930/telepath-0.3.1-py38-none-any.whl", hash = "sha256:c280aa8e77ad71ce80e96500a4e4d4a32f35b7e0b52e896bb5fde9a5bcf0699a", size = 10926 },
]

[[package]]
name = "typing-extensions"
version = "4.13.0"
source = { registry = "https://pypi.org/simple" }
sdist = { url = "https://files.pythonhosted.org/packages/0e/3e/b00a62db91a83fff600de219b6ea9908e6918664899a2d85db222f4fbf19/typing_extensions-4.13.0.tar.gz", hash = "sha256:0a4ac55a5820789d87e297727d229866c9650f6521b64206413c4fbada24d95b", size = 106520 }
wheels = [
    { url = "https://files.pythonhosted.org/packages/e0/86/39b65d676ec5732de17b7e3c476e45bb80ec64eb50737a8dce1a4178aba1/typing_extensions-4.13.0-py3-none-any.whl", hash = "sha256:c8dd92cc0d6425a97c18fbb9d1954e5ff92c1ca881a309c45f06ebc0b79058e5", size = 45683 },
]

[[package]]
name = "urllib3"
version = "2.3.0"
source = { registry = "https://pypi.org/simple" }
sdist = { url = "https://files.pythonhosted.org/packages/aa/63/e53da845320b757bf29ef6a9062f5c669fe997973f966045cb019c3f4b66/urllib3-2.3.0.tar.gz", hash = "sha256:f8c5449b3cf0861679ce7e0503c7b44b5ec981bec0d1d3795a07f1ba96f0204d", size = 307268 }
wheels = [
    { url = "https://files.pythonhosted.org/packages/c8/19/4ec628951a74043532ca2cf5d97b7b14863931476d117c471e8e2b1eb39f/urllib3-2.3.0-py3-none-any.whl", hash = "sha256:1cee9ad369867bfdbbb48b7dd50374c0967a0bb7710050facf0dd6911440e3df", size = 128369 },
]

[[package]]
name = "wagtail"
version = "2.16.3"
source = { registry = "https://pypi.org/simple" }
dependencies = [
    { name = "anyascii" },
    { name = "beautifulsoup4" },
    { name = "django" },
    { name = "django-filter" },
    { name = "django-modelcluster" },
    { name = "django-taggit" },
    { name = "django-treebeard" },
    { name = "djangorestframework" },
    { name = "draftjs-exporter" },
    { name = "html5lib" },
    { name = "l18n" },
    { name = "pillow" },
    { name = "requests" },
    { name = "tablib", extra = ["xls", "xlsx"] },
    { name = "telepath" },
    { name = "willow" },
    { name = "xlsxwriter" },
]
sdist = { url = "https://files.pythonhosted.org/packages/0e/07/82d78731e5551a6b2ceab8af8cb731bc027b0bb9c53923457f5d6e3ba8de/wagtail-2.16.3.tar.gz", hash = "sha256:a1f04513f06c760208698578367f03b3af5400f05d36b94e4a8ce07ee30d42fc", size = 8507571 }
wheels = [
    { url = "https://files.pythonhosted.org/packages/0a/ee/1ef8fc0e3021d3323b16590537b9ffefd6ce8034299e715317bdc386aef3/wagtail-2.16.3-py3-none-any.whl", hash = "sha256:3b52f0e1a4bcad66e57eaa341025e90a6dcd40170f7adb132e9e9df9efa978c9", size = 11077946 },
]

[[package]]
name = "wagtail-bakery"
version = "0.4.0"
source = { registry = "https://pypi.org/simple" }
dependencies = [
    { name = "django-bakery" },
    { name = "wagtail" },
]
sdist = { url = "https://files.pythonhosted.org/packages/0f/22/4a5ca4fa92e32ffccc0adcb51c90b3ad9f76fd31ac3c7edf758f1088af9f/wagtail-bakery-0.4.0.tar.gz", hash = "sha256:e7e2b11b903d1d3afec1f8b7af6a59ebf135f11efb9a4d433987574dd2d52409", size = 8670 }

[[package]]
name = "webencodings"
version = "0.5.1"
source = { registry = "https://pypi.org/simple" }
sdist = { url = "https://files.pythonhosted.org/packages/0b/02/ae6ceac1baeda530866a85075641cec12989bd8d31af6d5ab4a3e8c92f47/webencodings-0.5.1.tar.gz", hash = "sha256:b36a1c245f2d304965eb4e0a82848379241dc04b865afcc4aab16748587e1923", size = 9721 }
wheels = [
    { url = "https://files.pythonhosted.org/packages/f4/24/2a3e3df732393fed8b3ebf2ec078f05546de641fe1b667ee316ec1dcf3b7/webencodings-0.5.1-py2.py3-none-any.whl", hash = "sha256:a0af1213f3c2226497a97e2b3aa01a7e4bee4f403f95be16fc9acd2947514a78", size = 11774 },
]

[[package]]
name = "willow"
version = "1.4.1"
source = { registry = "https://pypi.org/simple" }
sdist = { url = "https://files.pythonhosted.org/packages/ba/45/b43a39989548ce99b34cda59268969addaef8a133e72879524d04ab54a4b/Willow-1.4.1.tar.gz", hash = "sha256:0df8ff528531e00b48d40bf72ed81beac1dc82f2d42e5bbed4aff0218bef8c0d", size = 103868 }
wheels = [
    { url = "https://files.pythonhosted.org/packages/b5/bb/e654a03c8224b06f9e12381cd0c67028f460e625df55711f7ded30afcaf1/Willow-1.4.1-py2.py3-none-any.whl", hash = "sha256:fc4042696d090e75aef922fa1ed26d483c764f005b36cf523cf7c34e69d5dd7a", size = 106917 },
]

[[package]]
name = "xlrd"
version = "2.0.1"
source = { registry = "https://pypi.org/simple" }
sdist = { url = "https://files.pythonhosted.org/packages/a6/b3/19a2540d21dea5f908304375bd43f5ed7a4c28a370dc9122c565423e6b44/xlrd-2.0.1.tar.gz", hash = "sha256:f72f148f54442c6b056bf931dbc34f986fd0c3b0b6b5a58d013c9aef274d0c88", size = 100259 }
wheels = [
    { url = "https://files.pythonhosted.org/packages/a6/0c/c2a72d51fe56e08a08acc85d13013558a2d793028ae7385448a6ccdfae64/xlrd-2.0.1-py2.py3-none-any.whl", hash = "sha256:6a33ee89877bd9abc1158129f6e94be74e2679636b8a205b43b85206c3f0bbdd", size = 96531 },
]

[[package]]
name = "xlsxwriter"
version = "3.2.2"
source = { registry = "https://pypi.org/simple" }
sdist = { url = "https://files.pythonhosted.org/packages/a1/08/26f69d1e9264e8107253018de9fc6b96f9219817d01c5f021e927384a8d1/xlsxwriter-3.2.2.tar.gz", hash = "sha256:befc7f92578a85fed261639fb6cde1fd51b79c5e854040847dde59d4317077dc", size = 205202 }
wheels = [
    { url = "https://files.pythonhosted.org/packages/9b/07/df054f7413bdfff5e98f75056e4ed0977d0c8716424011fac2587864d1d3/XlsxWriter-3.2.2-py3-none-any.whl", hash = "sha256:272ce861e7fa5e82a4a6ebc24511f2cb952fde3461f6c6e1a1e81d3272db1471", size = 165121 },
]

[[package]]
name = "xlwt"
version = "1.3.0"
source = { registry = "https://pypi.org/simple" }
sdist = { url = "https://files.pythonhosted.org/packages/06/97/56a6f56ce44578a69343449aa5a0d98eefe04085d69da539f3034e2cd5c1/xlwt-1.3.0.tar.gz", hash = "sha256:c59912717a9b28f1a3c2a98fd60741014b06b043936dcecbc113eaaada156c88", size = 153929 }
wheels = [
    { url = "https://files.pythonhosted.org/packages/44/48/def306413b25c3d01753603b1a222a011b8621aed27cd7f89cbc27e6b0f4/xlwt-1.3.0-py2.py3-none-any.whl", hash = "sha256:a082260524678ba48a297d922cc385f58278b8aa68741596a87de01a9c628b2e", size = 99981 },
]
